// !$*UTF8*$!
{
	archiveVersion = 1;
	classes = {
	};
	objectVersion = 50;
	objects = {

/* Begin PBXBuildFile section */
		C5C4DC1526E87A5D003F40DE /* Cats_APIApp.swift in Sources */ = {isa = PBXBuildFile; fileRef = C5C4DC1426E87A5D003F40DE /* Cats_APIApp.swift */; };
		C5C4DC1926E87A62003F40DE /* Assets.xcassets in Resources */ = {isa = PBXBuildFile; fileRef = C5C4DC1826E87A62003F40DE /* Assets.xcassets */; };
		C5C4DC1C26E87A62003F40DE /* Preview Assets.xcassets in Resources */ = {isa = PBXBuildFile; fileRef = C5C4DC1B26E87A62003F40DE /* Preview Assets.xcassets */; };
		C5C4DC2926E87A7B003F40DE /* CatImageView.swift in Sources */ = {isa = PBXBuildFile; fileRef = C5C4DC2326E87A7B003F40DE /* CatImageView.swift */; };
		C5C4DC2A26E87A7B003F40DE /* CatFactView.swift in Sources */ = {isa = PBXBuildFile; fileRef = C5C4DC2426E87A7B003F40DE /* CatFactView.swift */; };
		C5C4DC2B26E87A7B003F40DE /* CatFact.swift in Sources */ = {isa = PBXBuildFile; fileRef = C5C4DC2526E87A7B003F40DE /* CatFact.swift */; };
		C5C4DC2C26E87A7B003F40DE /* CatImageManager.swift in Sources */ = {isa = PBXBuildFile; fileRef = C5C4DC2626E87A7B003F40DE /* CatImageManager.swift */; };
		C5C4DC2D26E87A7B003F40DE /* ContentView.swift in Sources */ = {isa = PBXBuildFile; fileRef = C5C4DC2726E87A7B003F40DE /* ContentView.swift */; };
		C5C4DC2E26E87A7B003F40DE /* CatFactManager.swift in Sources */ = {isa = PBXBuildFile; fileRef = C5C4DC2826E87A7B003F40DE /* CatFactManager.swift */; };
/* End PBXBuildFile section */

/* Begin PBXFileReference section */
		C5C4DC1126E87A5D003F40DE /* Cats API.app */ = {isa = PBXFileReference; explicitFileType = wrapper.application; includeInIndex = 0; path = "Cats API.app"; sourceTree = BUILT_PRODUCTS_DIR; };
		C5C4DC1426E87A5D003F40DE /* Cats_APIApp.swift */ = {isa = PBXFileReference; lastKnownFileType = sourcecode.swift; path = Cats_APIApp.swift; sourceTree = "<group>"; };
		C5C4DC1826E87A62003F40DE /* Assets.xcassets */ = {isa = PBXFileReference; lastKnownFileType = folder.assetcatalog; path = Assets.xcassets; sourceTree = "<group>"; };
		C5C4DC1B26E87A62003F40DE /* Preview Assets.xcassets */ = {isa = PBXFileReference; lastKnownFileType = folder.assetcatalog; path = "Preview Assets.xcassets"; sourceTree = "<group>"; };
		C5C4DC1D26E87A62003F40DE /* Info.plist */ = {isa = PBXFileReference; lastKnownFileType = text.plist.xml; path = Info.plist; sourceTree = "<group>"; };
		C5C4DC2326E87A7B003F40DE /* CatImageView.swift */ = {isa = PBXFileReference; fileEncoding = 4; lastKnownFileType = sourcecode.swift; path = CatImageView.swift; sourceTree = "<group>"; };
		C5C4DC2426E87A7B003F40DE /* CatFactView.swift */ = {isa = PBXFileReference; fileEncoding = 4; lastKnownFileType = sourcecode.swift; path = CatFactView.swift; sourceTree = "<group>"; };
		C5C4DC2526E87A7B003F40DE /* CatFact.swift */ = {isa = PBXFileReference; fileEncoding = 4; lastKnownFileType = sourcecode.swift; path = CatFact.swift; sourceTree = "<group>"; };
		C5C4DC2626E87A7B003F40DE /* CatImageManager.swift */ = {isa = PBXFileReference; fileEncoding = 4; lastKnownFileType = sourcecode.swift; path = CatImageManager.swift; sourceTree = "<group>"; };
		C5C4DC2726E87A7B003F40DE /* ContentView.swift */ = {isa = PBXFileReference; fileEncoding = 4; lastKnownFileType = sourcecode.swift; name = ContentView.swift; path = "../../../../../../../Downloads/5 - Cats - Errors/Completed - Image/Cats/ContentView.swift"; sourceTree = "<group>"; };
		C5C4DC2826E87A7B003F40DE /* CatFactManager.swift */ = {isa = PBXFileReference; fileEncoding = 4; lastKnownFileType = sourcecode.swift; path = CatFactManager.swift; sourceTree = "<group>"; };
/* End PBXFileReference section */

/* Begin PBXFrameworksBuildPhase section */
		C5C4DC0E26E87A5D003F40DE /* Frameworks */ = {
			isa = PBXFrameworksBuildPhase;
			buildActionMask = 2147483647;
			files = (
			);
			runOnlyForDeploymentPostprocessing = 0;
		};
/* End PBXFrameworksBuildPhase section */

/* Begin PBXGroup section */
		C5C4DC0826E87A5D003F40DE = {
			isa = PBXGroup;
			children = (
				C5C4DC1326E87A5D003F40DE /* Cats API */,
				C5C4DC1226E87A5D003F40DE /* Products */,
			);
			sourceTree = "<group>";
		};
		C5C4DC1226E87A5D003F40DE /* Products */ = {
			isa = PBXGroup;
			children = (
				C5C4DC1126E87A5D003F40DE /* Cats API.app */,
			);
			name = Products;
			sourceTree = "<group>";
		};
		C5C4DC1326E87A5D003F40DE /* Cats API */ = {
			isa = PBXGroup;
			children = (
				C5C4DC1426E87A5D003F40DE /* Cats_APIApp.swift */,
				C5C4DC2726E87A7B003F40DE /* ContentView.swift */,
				C5C4DC2526E87A7B003F40DE /* CatFact.swift */,
				C5C4DC2826E87A7B003F40DE /* CatFactManager.swift */,
				C5C4DC2426E87A7B003F40DE /* CatFactView.swift */,
				C5C4DC2626E87A7B003F40DE /* CatImageManager.swift */,
				C5C4DC2326E87A7B003F40DE /* CatImageView.swift */,
				C5C4DC1826E87A62003F40DE /* Assets.xcassets */,
				C5C4DC1D26E87A62003F40DE /* Info.plist */,
				C5C4DC1A26E87A62003F40DE /* Preview Content */,
			);
			path = "Cats API";
			sourceTree = "<group>";
		};
		C5C4DC1A26E87A62003F40DE /* Preview Content */ = {
			isa = PBXGroup;
			children = (
				C5C4DC1B26E87A62003F40DE /* Preview Assets.xcassets */,
			);
			path = "Preview Content";
			sourceTree = "<group>";
		};
/* End PBXGroup section */

/* Begin PBXNativeTarget section */
		C5C4DC1026E87A5D003F40DE /* Cats API */ = {
			isa = PBXNativeTarget;
			buildConfigurationList = C5C4DC2026E87A62003F40DE /* Build configuration list for PBXNativeTarget "Cats API" */;
			buildPhases = (
				C5C4DC0D26E87A5D003F40DE /* Sources */,
				C5C4DC0E26E87A5D003F40DE /* Frameworks */,
				C5C4DC0F26E87A5D003F40DE /* Resources */,
			);
			buildRules = (
			);
			dependencies = (
			);
			name = "Cats API";
			productName = "Cats API";
			productReference = C5C4DC1126E87A5D003F40DE /* Cats API.app */;
			productType = "com.apple.product-type.application";
		};
/* End PBXNativeTarget section */

/* Begin PBXProject section */
		C5C4DC0926E87A5D003F40DE /* Project object */ = {
			isa = PBXProject;
			attributes = {
				LastSwiftUpdateCheck = 1250;
				LastUpgradeCheck = 1250;
				TargetAttributes = {
					C5C4DC1026E87A5D003F40DE = {
						CreatedOnToolsVersion = 12.5.1;
					};
				};
			};
			buildConfigurationList = C5C4DC0C26E87A5D003F40DE /* Build configuration list for PBXProject "Cats API" */;
			compatibilityVersion = "Xcode 9.3";
			developmentRegion = en;
			hasScannedForEncodings = 0;
			knownRegions = (
				en,
				Base,
			);
			mainGroup = C5C4DC0826E87A5D003F40DE;
			productRefGroup = C5C4DC1226E87A5D003F40DE /* Products */;
			projectDirPath = "";
			projectRoot = "";
			targets = (
				C5C4DC1026E87A5D003F40DE /* Cats API */,
			);
		};
/* End PBXProject section */

/* Begin PBXResourcesBuildPhase section */
		C5C4DC0F26E87A5D003F40DE /* Resources */ = {
			isa = PBXResourcesBuildPhase;
			buildActionMask = 2147483647;
			files = (
				C5C4DC1C26E87A62003F40DE /* Preview Assets.xcassets in Resources */,
				C5C4DC1926E87A62003F40DE /* Assets.xcassets in Resources */,
			);
			runOnlyForDeploymentPostprocessing = 0;
		};
/* End PBXResourcesBuildPhase section */

/* Begin PBXSourcesBuildPhase section */
		C5C4DC0D26E87A5D003F40DE /* Sources */ = {
			isa = PBXSourcesBuildPhase;
			buildActionMask = 2147483647;
			files = (
				C5C4DC2E26E87A7B003F40DE /* CatFactManager.swift in Sources */,
				C5C4DC2A26E87A7B003F40DE /* CatFactView.swift in Sources */,
				C5C4DC2D26E87A7B003F40DE /* ContentView.swift in Sources */,
				C5C4DC1526E87A5D003F40DE /* Cats_APIApp.swift in Sources */,
				C5C4DC2B26E87A7B003F40DE /* CatFact.swift in Sources */,
				C5C4DC2C26E87A7B003F40DE /* CatImageManager.swift in Sources */,
				C5C4DC2926E87A7B003F40DE /* CatImageView.swift in Sources */,
			);
			runOnlyForDeploymentPostprocessing = 0;
		};
/* End PBXSourcesBuildPhase section */

/* Begin XCBuildConfiguration section */
		C5C4DC1E26E87A62003F40DE /* Debug */ = {
			isa = XCBuildConfiguration;
			buildSettings = {
				ALWAYS_SEARCH_USER_PATHS = NO;
				CLANG_ANALYZER_NONNULL = YES;
				CLANG_ANALYZER_NUMBER_OBJECT_CONVERSION = YES_AGGRESSIVE;
				CLANG_CXX_LANGUAGE_STANDARD = "gnu++14";
				CLANG_CXX_LIBRARY = "libc++";
				CLANG_ENABLE_MODULES = YES;
				CLANG_ENABLE_OBJC_ARC = YES;
				CLANG_ENABLE_OBJC_WEAK = YES;
				CLANG_WARN_BLOCK_CAPTURE_AUTORELEASING = YES;
				CLANG_WARN_BOOL_CONVERSION = YES;
				CLANG_WARN_COMMA = YES;
				CLANG_WARN_CONSTANT_CONVERSION = YES;
				CLANG_WARN_DEPRECATED_OBJC_IMPLEMENTATIONS = YES;
				CLANG_WARN_DIRECT_OBJC_ISA_USAGE = YES_ERROR;
				CLANG_WARN_DOCUMENTATION_COMMENTS = YES;
				CLANG_WARN_EMPTY_BODY = YES;
				CLANG_WARN_ENUM_CONVERSION = YES;
				CLANG_WARN_INFINITE_RECURSION = YES;
				CLANG_WARN_INT_CONVERSION = YES;
				CLANG_WARN_NON_LITERAL_NULL_CONVERSION = YES;
				CLANG_WARN_OBJC_IMPLICIT_RETAIN_SELF = YES;
				CLANG_WARN_OBJC_LITERAL_CONVERSION = YES;
				CLANG_WARN_OBJC_ROOT_CLASS = YES_ERROR;
				CLANG_WARN_QUOTED_INCLUDE_IN_FRAMEWORK_HEADER = YES;
				CLANG_WARN_RANGE_LOOP_ANALYSIS = YES;
				CLANG_WARN_STRICT_PROTOTYPES = YES;
				CLANG_WARN_SUSPICIOUS_MOVE = YES;
				CLANG_WARN_UNGUARDED_AVAILABILITY = YES_AGGRESSIVE;
				CLANG_WARN_UNREACHABLE_CODE = YES;
				CLANG_WARN__DUPLICATE_METHOD_MATCH = YES;
				COPY_PHASE_STRIP = NO;
				DEBUG_INFORMATION_FORMAT = dwarf;
				ENABLE_STRICT_OBJC_MSGSEND = YES;
				ENABLE_TESTABILITY = YES;
				GCC_C_LANGUAGE_STANDARD = gnu11;
				GCC_DYNAMIC_NO_PIC = NO;
				GCC_NO_COMMON_BLOCKS = YES;
				GCC_OPTIMIZATION_LEVEL = 0;
				GCC_PREPROCESSOR_DEFINITIONS = (
					"DEBUG=1",
					"$(inherited)",
				);
				GCC_WARN_64_TO_32_BIT_CONVERSION = YES;
				GCC_WARN_ABOUT_RETURN_TYPE = YES_ERROR;
				GCC_WARN_UNDECLARED_SELECTOR = YES;
				GCC_WARN_UNINITIALIZED_AUTOS = YES_AGGRESSIVE;
				GCC_WARN_UNUSED_FUNCTION = YES;
				GCC_WARN_UNUSED_VARIABLE = YES;
				IPHONEOS_DEPLOYMENT_TARGET = 14.5;
				MTL_ENABLE_DEBUG_INFO = INCLUDE_SOURCE;
				MTL_FAST_MATH = YES;
				ONLY_ACTIVE_ARCH = YES;
				SDKROOT = iphoneos;
				SWIFT_ACTIVE_COMPILATION_CONDITIONS = DEBUG;
				SWIFT_OPTIMIZATION_LEVEL = "-Onone";
			};
			name = Debug;
		};
		C5C4DC1F26E87A62003F40DE /* Release */ = {
			isa = XCBuildConfiguration;
			buildSettings = {
				ALWAYS_SEARCH_USER_PATHS = NO;
				CLANG_ANALYZER_NONNULL = YES;
				CLANG_ANALYZER_NUMBER_OBJECT_CONVERSION = YES_AGGRESSIVE;
				CLANG_CXX_LANGUAGE_STANDARD = "gnu++14";
				CLANG_CXX_LIBRARY = "libc++";
				CLANG_ENABLE_MODULES = YES;
				CLANG_ENABLE_OBJC_ARC = YES;
				CLANG_ENABLE_OBJC_WEAK = YES;
				CLANG_WARN_BLOCK_CAPTURE_AUTORELEASING = YES;
				CLANG_WARN_BOOL_CONVERSION = YES;
				CLANG_WARN_COMMA = YES;
				CLANG_WARN_CONSTANT_CONVERSION = YES;
				CLANG_WARN_DEPRECATED_OBJC_IMPLEMENTATIONS = YES;
				CLANG_WARN_DIRECT_OBJC_ISA_USAGE = YES_ERROR;
				CLANG_WARN_DOCUMENTATION_COMMENTS = YES;
				CLANG_WARN_EMPTY_BODY = YES;
				CLANG_WARN_ENUM_CONVERSION = YES;
				CLANG_WARN_INFINITE_RECURSION = YES;
				CLANG_WARN_INT_CONVERSION = YES;
				CLANG_WARN_NON_LITERAL_NULL_CONVERSION = YES;
				CLANG_WARN_OBJC_IMPLICIT_RETAIN_SELF = YES;
				CLANG_WARN_OBJC_LITERAL_CONVERSION = YES;
				CLANG_WARN_OBJC_ROOT_CLASS = YES_ERROR;
				CLANG_WARN_QUOTED_INCLUDE_IN_FRAMEWORK_HEADER = YES;
				CLANG_WARN_RANGE_LOOP_ANALYSIS = YES;
				CLANG_WARN_STRICT_PROTOTYPES = YES;
				CLANG_WARN_SUSPICIOUS_MOVE = YES;
				CLANG_WARN_UNGUARDED_AVAILABILITY = YES_AGGRESSIVE;
				CLANG_WARN_UNREACHABLE_CODE = YES;
				CLANG_WARN__DUPLICATE_METHOD_MATCH = YES;
				COPY_PHASE_STRIP = NO;
				DEBUG_INFORMATION_FORMAT = "dwarf-with-dsym";
				ENABLE_NS_ASSERTIONS = NO;
				ENABLE_STRICT_OBJC_MSGSEND = YES;
				GCC_C_LANGUAGE_STANDARD = gnu11;
				GCC_NO_COMMON_BLOCKS = YES;
				GCC_WARN_64_TO_32_BIT_CONVERSION = YES;
				GCC_WARN_ABOUT_RETURN_TYPE = YES_ERROR;
				GCC_WARN_UNDECLARED_SELECTOR = YES;
				GCC_WARN_UNINITIALIZED_AUTOS = YES_AGGRESSIVE;
				GCC_WARN_UNUSED_FUNCTION = YES;
				GCC_WARN_UNUSED_VARIABLE = YES;
				IPHONEOS_DEPLOYMENT_TARGET = 14.5;
				MTL_ENABLE_DEBUG_INFO = NO;
				MTL_FAST_MATH = YES;
				SDKROOT = iphoneos;
				SWIFT_COMPILATION_MODE = wholemodule;
				SWIFT_OPTIMIZATION_LEVEL = "-O";
				VALIDATE_PRODUCT = YES;
			};
			name = Release;
		};
		C5C4DC2126E87A62003F40DE /* Debug */ = {
			isa = XCBuildConfiguration;
			buildSettings = {
				ASSETCATALOG_COMPILER_APPICON_NAME = AppIcon;
				ASSETCATALOG_COMPILER_GLOBAL_ACCENT_COLOR_NAME = AccentColor;
				CODE_SIGN_STYLE = Automatic;
				DEVELOPMENT_ASSET_PATHS = "\"Cats API/Preview Content\"";
				DEVELOPMENT_TEAM = 5CV78Q3ZPZ;
				ENABLE_PREVIEWS = YES;
				INFOPLIST_FILE = "Cats API/Info.plist";
				IPHONEOS_DEPLOYMENT_TARGET = 14.0;
				LD_RUNPATH_SEARCH_PATHS = (
					"$(inherited)",
					"@executable_path/Frameworks",
				);
				PRODUCT_BUNDLE_IDENTIFIER = "Sanjith.Cats-API";
				PRODUCT_NAME = "$(TARGET_NAME)";
				SWIFT_VERSION = 5.0;
				TARGETED_DEVICE_FAMILY = "1,2";
			};
			name = Debug;
		};
		C5C4DC2226E87A62003F40DE /* Release */ = {
			isa = XCBuildConfiguration;
			buildSettings = {
				ASSETCATALOG_COMPILER_APPICON_NAME = AppIcon;
				ASSETCATALOG_COMPILER_GLOBAL_ACCENT_COLOR_NAME = AccentColor;
				CODE_SIGN_STYLE = Automatic;
				DEVELOPMENT_ASSET_PATHS = "\"Cats API/Preview Content\"";
				DEVELOPMENT_TEAM = 5CV78Q3ZPZ;
				ENABLE_PREVIEWS = YES;
				INFOPLIST_FILE = "Cats API/Info.plist";
				IPHONEOS_DEPLOYMENT_TARGET = 14.0;
				LD_RUNPATH_SEARCH_PATHS = (
					"$(inherited)",
					"@executable_path/Frameworks",
				);
				PRODUCT_BUNDLE_IDENTIFIER = "Sanjith.Cats-API";
				PRODUCT_NAME = "$(TARGET_NAME)";
				SWIFT_VERSION = 5.0;
				TARGETED_DEVICE_FAMILY = "1,2";
			};
			name = Release;
		};
/* End XCBuildConfiguration section */

/* Begin XCConfigurationList section */
		C5C4DC0C26E87A5D003F40DE /* Build configuration list for PBXProject "Cats API" */ = {
			isa = XCConfigurationList;
			buildConfigurations = (
				C5C4DC1E26E87A62003F40DE /* Debug */,
				C5C4DC1F26E87A62003F40DE /* Release */,
			);
			defaultConfigurationIsVisible = 0;
			defaultConfigurationName = Release;
		};
		C5C4DC2026E87A62003F40DE /* Build configuration list for PBXNativeTarget "Cats API" */ = {
			isa = XCConfigurationList;
			buildConfigurations = (
				C5C4DC2126E87A62003F40DE /* Debug */,
				C5C4DC2226E87A62003F40DE /* Release */,
			);
			defaultConfigurationIsVisible = 0;
			defaultConfigurationName = Release;
		};
/* End XCConfigurationList section */
	};
	rootObject = C5C4DC0926E87A5D003F40DE /* Project object */;
}
